
Microsoft Visual Studio Solution File, Format Version 12.00
# Visual Studio Version 17
VisualStudioVersion = 17.9.34723.18
MinimumVisualStudioVersion = 10.0.40219.1
Project("{9A19103F-16F7-4668-BE54-9A1E7A4F7556}") = "ChessEngine", "ChessEngine\ChessEngine.csproj", "{EEE29C0B-289C-43B9-BA46-F767863DB984}"
EndProject
Project("{2150E333-8FDC-42A3-9474-1A3956D46DE8}") = "Solution Items", "Solution Items", "{BC4DA2AC-0308-4F75-B484-B652E5EF9243}"
	ProjectSection(SolutionItems) = preProject
		.editorconfig = .editorconfig
	EndProjectSection
EndProject
Global
	GlobalSection(SolutionConfigurationPlatforms) = preSolution
		Debug|Any CPU = Debug|Any CPU
		Release|Any CPU = Release|Any CPU
	EndGlobalSection
	GlobalSection(ProjectConfigurationPlatforms) = postSolution
		{EEE29C0B-289C-43B9-BA46-F767863DB984}.Debug|Any CPU.ActiveCfg = Debug|Any CPU
		{EEE29C0B-289C-43B9-BA46-F767863DB984}.Debug|Any CPU.Build.0 = Debug|Any CPU
		{EEE29C0B-289C-43B9-BA46-F767863DB984}.Release|Any CPU.ActiveCfg = Release|Any CPU
		{EEE29C0B-289C-43B9-BA46-F767863DB984}.Release|Any CPU.Build.0 = Release|Any CPU
	EndGlobalSection
	GlobalSection(SolutionProperties) = preSolution
		HideSolutionNode = FALSE
	EndGlobalSection
	GlobalSection(ExtensibilityGlobals) = postSolution
		SolutionGuid = {BDBE60B2-8A2B-465A-8279-2586B5461913}
	EndGlobalSection
EndGlobal
